
Microsoft Visual Studio Solution File, Format Version 12.00
# Visual Studio Version 17
VisualStudioVersion = 17.1.32319.34
MinimumVisualStudioVersion = 10.0.40219.1
Project("{FAE04EC0-301F-11D3-BF4B-00C04F79EFBC}") = "PatronSingleton", "PatronSingleton\PatronSingleton.csproj", "{97405B6B-FC95-4C75-AA93-F21C38461DF1}"
EndProject
Project("{FAE04EC0-301F-11D3-BF4B-00C04F79EFBC}") = "Tools", "Tools\Tools.csproj", "{37928E90-C269-41D2-8711-8B62E0D313A4}"
EndProject
Global
	GlobalSection(SolutionConfigurationPlatforms) = preSolution
		Debug|Any CPU = Debug|Any CPU
		Release|Any CPU = Release|Any CPU
	EndGlobalSection
	GlobalSection(ProjectConfigurationPlatforms) = postSolution
		{97405B6B-FC95-4C75-AA93-F21C38461DF1}.Debug|Any CPU.ActiveCfg = Debug|Any CPU
		{97405B6B-FC95-4C75-AA93-F21C38461DF1}.Debug|Any CPU.Build.0 = Debug|Any CPU
		{97405B6B-FC95-4C75-AA93-F21C38461DF1}.Release|Any CPU.ActiveCfg = Release|Any CPU
		{97405B6B-FC95-4C75-AA93-F21C38461DF1}.Release|Any CPU.Build.0 = Release|Any CPU
		{37928E90-C269-41D2-8711-8B62E0D313A4}.Debug|Any CPU.ActiveCfg = Debug|Any CPU
		{37928E90-C269-41D2-8711-8B62E0D313A4}.Debug|Any CPU.Build.0 = Debug|Any CPU
		{37928E90-C269-41D2-8711-8B62E0D313A4}.Release|Any CPU.ActiveCfg = Release|Any CPU
		{37928E90-C269-41D2-8711-8B62E0D313A4}.Release|Any CPU.Build.0 = Release|Any CPU
	EndGlobalSection
	GlobalSection(SolutionProperties) = preSolution
		HideSolutionNode = FALSE
	EndGlobalSection
	GlobalSection(ExtensibilityGlobals) = postSolution
		SolutionGuid = {F6D1D1BF-DB50-4488-9953-A167DC1BF985}
	EndGlobalSection
EndGlobal
